{
  "name": "pos",
  "version": "1.0.0",
  "lockfileVersion": 3,
  "requires": true,
  "packages": {
    "": {
      "name": "pos",
      "version": "1.0.0",
      "license": "MIT",
      "dependencies": {
        "eta": "^3.5.0"
      },
      "devDependencies": {
        "tailwindcss": "^4.1.6"
      }
    },
    "node_modules/eta": {
      "version": "3.5.0",
      "resolved": "https://registry.npmjs.org/eta/-/eta-3.5.0.tgz",
      "integrity": "sha512-e3x3FBvGzeCIHhF+zhK8FZA2vC5uFn6b4HJjegUbIWrDb4mJ7JjTGMJY9VGIbRVpmSwHopNiaJibhjIr+HfLug==",
      "license": "MIT",
      "engines": {
        "node": ">=6.0.0"
      },
      "funding": {
        "url": "https://github.com/eta-dev/eta?sponsor=1"
      }
    },
    "node_modules/tailwindcss": {
      "version": "4.1.7",
      "resolved": "https://registry.npmjs.org/tailwindcss/-/tailwindcss-4.1.7.tgz",
      "integrity": "sha512-kr1o/ErIdNhTz8uzAYL7TpaUuzKIE6QPQ4qmSdxnoX/lo+5wmUHQA6h3L5yIqEImSRnAAURDirLu/BgiXGPAhg==",
      "dev": true,
      "license": "MIT"
    }
  }
}
